
Microsoft Visual Studio Solution File, Format Version 12.00
# Visual Studio Version 16
VisualStudioVersion = 16.0.31005.135
MinimumVisualStudioVersion = 10.0.40219.1
Project("{FAE04EC0-301F-11D3-BF4B-00C04F79EFBC}") = "FactorPattern", "FactorPattern\FactorPattern.csproj", "{55EC9AE8-C12B-492C-AED2-FF68B911B23A}"
EndProject
Project("{FAE04EC0-301F-11D3-BF4B-00C04F79EFBC}") = "AbstractFactoryPattern", "AbstractFactoryPattern\AbstractFactoryPattern.csproj", "{C2C1ECAA-7E15-4617-ABE4-5A0E2B6F44C1}"
EndProject
Project("{FAE04EC0-301F-11D3-BF4B-00C04F79EFBC}") = "Facade", "Facad\Facade.csproj", "{BC36F4FE-FB65-41BB-820C-9450F74A335C}"
EndProject
Project("{9A19103F-16F7-4668-BE54-9A1E7A4F7556}") = "Strategy", "Strategy\Strategy.csproj", "{D946DFFD-DA83-4154-BCB8-D5A49DBA61CA}"
EndProject
Project("{9A19103F-16F7-4668-BE54-9A1E7A4F7556}") = "Adapter", "Adapter\Adapter.csproj", "{F3C52763-B94D-4BE5-875A-375977B7301A}"
EndProject
Project("{9A19103F-16F7-4668-BE54-9A1E7A4F7556}") = "Learning", "Learning\Learning.csproj", "{0414B551-57D1-4457-A333-01BFF7DE4A0D}"
EndProject
Project("{9A19103F-16F7-4668-BE54-9A1E7A4F7556}") = "Proxy", "Proxy\Proxy.csproj", "{C7631309-A453-4784-A2B9-2F6211DA4453}"
EndProject
Project("{9A19103F-16F7-4668-BE54-9A1E7A4F7556}") = "ChainOfResponsibility", "ChainOfResponsibility\ChainOfResponsibility.csproj", "{C79DDA06-868F-40D1-8200-44935C022F7D}"
EndProject
Project("{9A19103F-16F7-4668-BE54-9A1E7A4F7556}") = "Command", "Command\Command.csproj", "{D9AE5380-150D-4996-9C06-CC4A8830E414}"
EndProject
Project("{9A19103F-16F7-4668-BE54-9A1E7A4F7556}") = "TDD", "TDD\TDD.csproj", "{6780E7D8-43C1-46E9-A4EA-80D2A8701BF5}"
EndProject
Project("{9A19103F-16F7-4668-BE54-9A1E7A4F7556}") = "Bridge", "Bridge\Bridge.csproj", "{25511664-0A8F-43EB-A883-5493F0A67ED1}"
EndProject
Project("{9A19103F-16F7-4668-BE54-9A1E7A4F7556}") = "Fto", "Fto\Fto.csproj", "{7C602925-A79E-47D0-A8FE-5D7AC1517C78}"
EndProject
Project("{9A19103F-16F7-4668-BE54-9A1E7A4F7556}") = "Sorters", "Sorters\Sorters.csproj", "{35CFFDAA-0FB9-4854-B79E-AA34E100FC19}"
EndProject
Project("{9A19103F-16F7-4668-BE54-9A1E7A4F7556}") = "ModemSys", "ModemPay\ModemSys.csproj", "{AB670990-77E2-440C-B43A-33A409E86FB3}"
EndProject
Project("{9A19103F-16F7-4668-BE54-9A1E7A4F7556}") = "State", "State\State.csproj", "{564C4513-AF6B-4F19-BE0B-D01091F16844}"
EndProject
Project("{9A19103F-16F7-4668-BE54-9A1E7A4F7556}") = "Visitor", "Visitor\Visitor.csproj", "{FAD91D9B-0B17-4A20-97B1-28570367AAFB}"
EndProject
Project("{FAE04EC0-301F-11D3-BF4B-00C04F79EFBC}") = "DownloadWord", "DownloadWord\DownloadWord.csproj", "{7C34537E-9E72-477C-BDD9-51E329B2DE7E}"
EndProject
Project("{9A19103F-16F7-4668-BE54-9A1E7A4F7556}") = "Composite", "Composite\Composite.csproj", "{59607224-82BE-46D0-83B0-EEF0BE2039CC}"
EndProject
Project("{9A19103F-16F7-4668-BE54-9A1E7A4F7556}") = "Iterator", "Iterator\Iterator.csproj", "{DB190D89-20A1-437E-9B4B-FD55E68505DE}"
EndProject
Project("{9A19103F-16F7-4668-BE54-9A1E7A4F7556}") = "BlazorIdentity", "BlazorIdentity\BlazorIdentity.csproj", "{78D420BF-E782-4AF7-9FAD-28497FCEDBDC}"
EndProject
Project("{9A19103F-16F7-4668-BE54-9A1E7A4F7556}") = "Grunt", "Grunt\Grunt.csproj", "{79163902-C49B-4C50-BA7D-38A6BAB843B0}"
EndProject
Project("{FAE04EC0-301F-11D3-BF4B-00C04F79EFBC}") = "SignalR", "SignaR\SignalR.csproj", "{37F93B87-527F-4D4D-902B-497C1155A9F5}"
EndProject
Project("{FAE04EC0-301F-11D3-BF4B-00C04F79EFBC}") = "ReactJS", "ReactJS\ReactJS.csproj", "{E4F8FBF4-E7AB-4351-9717-74E8194066EE}"
EndProject
Global
	GlobalSection(SolutionConfigurationPlatforms) = preSolution
		Debug|Any CPU = Debug|Any CPU
		Debug|ARM = Debug|ARM
		Debug|iPhone = Debug|iPhone
		Debug|iPhoneSimulator = Debug|iPhoneSimulator
		Debug|x64 = Debug|x64
		Debug|x86 = Debug|x86
		Release|Any CPU = Release|Any CPU
		Release|ARM = Release|ARM
		Release|iPhone = Release|iPhone
		Release|iPhoneSimulator = Release|iPhoneSimulator
		Release|x64 = Release|x64
		Release|x86 = Release|x86
	EndGlobalSection
	GlobalSection(ProjectConfigurationPlatforms) = postSolution
		{55EC9AE8-C12B-492C-AED2-FF68B911B23A}.Debug|Any CPU.ActiveCfg = Debug|Any CPU
		{55EC9AE8-C12B-492C-AED2-FF68B911B23A}.Debug|Any CPU.Build.0 = Debug|Any CPU
		{55EC9AE8-C12B-492C-AED2-FF68B911B23A}.Debug|ARM.ActiveCfg = Debug|Any CPU
		{55EC9AE8-C12B-492C-AED2-FF68B911B23A}.Debug|ARM.Build.0 = Debug|Any CPU
		{55EC9AE8-C12B-492C-AED2-FF68B911B23A}.Debug|iPhone.ActiveCfg = Debug|Any CPU
		{55EC9AE8-C12B-492C-AED2-FF68B911B23A}.Debug|iPhone.Build.0 = Debug|Any CPU
		{55EC9AE8-C12B-492C-AED2-FF68B911B23A}.Debug|iPhoneSimulator.ActiveCfg = Debug|Any CPU
		{55EC9AE8-C12B-492C-AED2-FF68B911B23A}.Debug|iPhoneSimulator.Build.0 = Debug|Any CPU
		{55EC9AE8-C12B-492C-AED2-FF68B911B23A}.Debug|x64.ActiveCfg = Debug|Any CPU
		{55EC9AE8-C12B-492C-AED2-FF68B911B23A}.Debug|x64.Build.0 = Debug|Any CPU
		{55EC9AE8-C12B-492C-AED2-FF68B911B23A}.Debug|x86.ActiveCfg = Debug|Any CPU
		{55EC9AE8-C12B-492C-AED2-FF68B911B23A}.Debug|x86.Build.0 = Debug|Any CPU
		{55EC9AE8-C12B-492C-AED2-FF68B911B23A}.Release|Any CPU.ActiveCfg = Release|Any CPU
		{55EC9AE8-C12B-492C-AED2-FF68B911B23A}.Release|Any CPU.Build.0 = Release|Any CPU
		{55EC9AE8-C12B-492C-AED2-FF68B911B23A}.Release|ARM.ActiveCfg = Release|Any CPU
		{55EC9AE8-C12B-492C-AED2-FF68B911B23A}.Release|ARM.Build.0 = Release|Any CPU
		{55EC9AE8-C12B-492C-AED2-FF68B911B23A}.Release|iPhone.ActiveCfg = Release|Any CPU
		{55EC9AE8-C12B-492C-AED2-FF68B911B23A}.Release|iPhone.Build.0 = Release|Any CPU
		{55EC9AE8-C12B-492C-AED2-FF68B911B23A}.Release|iPhoneSimulator.ActiveCfg = Release|Any CPU
		{55EC9AE8-C12B-492C-AED2-FF68B911B23A}.Release|iPhoneSimulator.Build.0 = Release|Any CPU
		{55EC9AE8-C12B-492C-AED2-FF68B911B23A}.Release|x64.ActiveCfg = Release|Any CPU
		{55EC9AE8-C12B-492C-AED2-FF68B911B23A}.Release|x64.Build.0 = Release|Any CPU
		{55EC9AE8-C12B-492C-AED2-FF68B911B23A}.Release|x86.ActiveCfg = Release|Any CPU
		{55EC9AE8-C12B-492C-AED2-FF68B911B23A}.Release|x86.Build.0 = Release|Any CPU
		{C2C1ECAA-7E15-4617-ABE4-5A0E2B6F44C1}.Debug|Any CPU.ActiveCfg = Debug|Any CPU
		{C2C1ECAA-7E15-4617-ABE4-5A0E2B6F44C1}.Debug|Any CPU.Build.0 = Debug|Any CPU
		{C2C1ECAA-7E15-4617-ABE4-5A0E2B6F44C1}.Debug|ARM.ActiveCfg = Debug|Any CPU
		{C2C1ECAA-7E15-4617-ABE4-5A0E2B6F44C1}.Debug|ARM.Build.0 = Debug|Any CPU
		{C2C1ECAA-7E15-4617-ABE4-5A0E2B6F44C1}.Debug|iPhone.ActiveCfg = Debug|Any CPU
		{C2C1ECAA-7E15-4617-ABE4-5A0E2B6F44C1}.Debug|iPhone.Build.0 = Debug|Any CPU
		{C2C1ECAA-7E15-4617-ABE4-5A0E2B6F44C1}.Debug|iPhoneSimulator.ActiveCfg = Debug|Any CPU
		{C2C1ECAA-7E15-4617-ABE4-5A0E2B6F44C1}.Debug|iPhoneSimulator.Build.0 = Debug|Any CPU
		{C2C1ECAA-7E15-4617-ABE4-5A0E2B6F44C1}.Debug|x64.ActiveCfg = Debug|Any CPU
		{C2C1ECAA-7E15-4617-ABE4-5A0E2B6F44C1}.Debug|x64.Build.0 = Debug|Any CPU
		{C2C1ECAA-7E15-4617-ABE4-5A0E2B6F44C1}.Debug|x86.ActiveCfg = Debug|Any CPU
		{C2C1ECAA-7E15-4617-ABE4-5A0E2B6F44C1}.Debug|x86.Build.0 = Debug|Any CPU
		{C2C1ECAA-7E15-4617-ABE4-5A0E2B6F44C1}.Release|Any CPU.ActiveCfg = Release|Any CPU
		{C2C1ECAA-7E15-4617-ABE4-5A0E2B6F44C1}.Release|Any CPU.Build.0 = Release|Any CPU
		{C2C1ECAA-7E15-4617-ABE4-5A0E2B6F44C1}.Release|ARM.ActiveCfg = Release|Any CPU
		{C2C1ECAA-7E15-4617-ABE4-5A0E2B6F44C1}.Release|ARM.Build.0 = Release|Any CPU
		{C2C1ECAA-7E15-4617-ABE4-5A0E2B6F44C1}.Release|iPhone.ActiveCfg = Release|Any CPU
		{C2C1ECAA-7E15-4617-ABE4-5A0E2B6F44C1}.Release|iPhone.Build.0 = Release|Any CPU
		{C2C1ECAA-7E15-4617-ABE4-5A0E2B6F44C1}.Release|iPhoneSimulator.ActiveCfg = Release|Any CPU
		{C2C1ECAA-7E15-4617-ABE4-5A0E2B6F44C1}.Release|iPhoneSimulator.Build.0 = Release|Any CPU
		{C2C1ECAA-7E15-4617-ABE4-5A0E2B6F44C1}.Release|x64.ActiveCfg = Release|Any CPU
		{C2C1ECAA-7E15-4617-ABE4-5A0E2B6F44C1}.Release|x64.Build.0 = Release|Any CPU
		{C2C1ECAA-7E15-4617-ABE4-5A0E2B6F44C1}.Release|x86.ActiveCfg = Release|Any CPU
		{C2C1ECAA-7E15-4617-ABE4-5A0E2B6F44C1}.Release|x86.Build.0 = Release|Any CPU
		{BC36F4FE-FB65-41BB-820C-9450F74A335C}.Debug|Any CPU.ActiveCfg = Debug|Any CPU
		{BC36F4FE-FB65-41BB-820C-9450F74A335C}.Debug|Any CPU.Build.0 = Debug|Any CPU
		{BC36F4FE-FB65-41BB-820C-9450F74A335C}.Debug|ARM.ActiveCfg = Debug|Any CPU
		{BC36F4FE-FB65-41BB-820C-9450F74A335C}.Debug|ARM.Build.0 = Debug|Any CPU
		{BC36F4FE-FB65-41BB-820C-9450F74A335C}.Debug|iPhone.ActiveCfg = Debug|Any CPU
		{BC36F4FE-FB65-41BB-820C-9450F74A335C}.Debug|iPhone.Build.0 = Debug|Any CPU
		{BC36F4FE-FB65-41BB-820C-9450F74A335C}.Debug|iPhoneSimulator.ActiveCfg = Debug|Any CPU
		{BC36F4FE-FB65-41BB-820C-9450F74A335C}.Debug|iPhoneSimulator.Build.0 = Debug|Any CPU
		{BC36F4FE-FB65-41BB-820C-9450F74A335C}.Debug|x64.ActiveCfg = Debug|Any CPU
		{BC36F4FE-FB65-41BB-820C-9450F74A335C}.Debug|x64.Build.0 = Debug|Any CPU
		{BC36F4FE-FB65-41BB-820C-9450F74A335C}.Debug|x86.ActiveCfg = Debug|Any CPU
		{BC36F4FE-FB65-41BB-820C-9450F74A335C}.Debug|x86.Build.0 = Debug|Any CPU
		{BC36F4FE-FB65-41BB-820C-9450F74A335C}.Release|Any CPU.ActiveCfg = Release|Any CPU
		{BC36F4FE-FB65-41BB-820C-9450F74A335C}.Release|Any CPU.Build.0 = Release|Any CPU
		{BC36F4FE-FB65-41BB-820C-9450F74A335C}.Release|ARM.ActiveCfg = Release|Any CPU
		{BC36F4FE-FB65-41BB-820C-9450F74A335C}.Release|ARM.Build.0 = Release|Any CPU
		{BC36F4FE-FB65-41BB-820C-9450F74A335C}.Release|iPhone.ActiveCfg = Release|Any CPU
		{BC36F4FE-FB65-41BB-820C-9450F74A335C}.Release|iPhone.Build.0 = Release|Any CPU
		{BC36F4FE-FB65-41BB-820C-9450F74A335C}.Release|iPhoneSimulator.ActiveCfg = Release|Any CPU
		{BC36F4FE-FB65-41BB-820C-9450F74A335C}.Release|iPhoneSimulator.Build.0 = Release|Any CPU
		{BC36F4FE-FB65-41BB-820C-9450F74A335C}.Release|x64.ActiveCfg = Release|Any CPU
		{BC36F4FE-FB65-41BB-820C-9450F74A335C}.Release|x64.Build.0 = Release|Any CPU
		{BC36F4FE-FB65-41BB-820C-9450F74A335C}.Release|x86.ActiveCfg = Release|Any CPU
		{BC36F4FE-FB65-41BB-820C-9450F74A335C}.Release|x86.Build.0 = Release|Any CPU
		{D946DFFD-DA83-4154-BCB8-D5A49DBA61CA}.Debug|Any CPU.ActiveCfg = Debug|Any CPU
		{D946DFFD-DA83-4154-BCB8-D5A49DBA61CA}.Debug|Any CPU.Build.0 = Debug|Any CPU
		{D946DFFD-DA83-4154-BCB8-D5A49DBA61CA}.Debug|ARM.ActiveCfg = Debug|Any CPU
		{D946DFFD-DA83-4154-BCB8-D5A49DBA61CA}.Debug|ARM.Build.0 = Debug|Any CPU
		{D946DFFD-DA83-4154-BCB8-D5A49DBA61CA}.Debug|iPhone.ActiveCfg = Debug|Any CPU
		{D946DFFD-DA83-4154-BCB8-D5A49DBA61CA}.Debug|iPhone.Build.0 = Debug|Any CPU
		{D946DFFD-DA83-4154-BCB8-D5A49DBA61CA}.Debug|iPhoneSimulator.ActiveCfg = Debug|Any CPU
		{D946DFFD-DA83-4154-BCB8-D5A49DBA61CA}.Debug|iPhoneSimulator.Build.0 = Debug|Any CPU
		{D946DFFD-DA83-4154-BCB8-D5A49DBA61CA}.Debug|x64.ActiveCfg = Debug|Any CPU
		{D946DFFD-DA83-4154-BCB8-D5A49DBA61CA}.Debug|x64.Build.0 = Debug|Any CPU
		{D946DFFD-DA83-4154-BCB8-D5A49DBA61CA}.Debug|x86.ActiveCfg = Debug|Any CPU
		{D946DFFD-DA83-4154-BCB8-D5A49DBA61CA}.Debug|x86.Build.0 = Debug|Any CPU
		{D946DFFD-DA83-4154-BCB8-D5A49DBA61CA}.Release|Any CPU.ActiveCfg = Release|Any CPU
		{D946DFFD-DA83-4154-BCB8-D5A49DBA61CA}.Release|Any CPU.Build.0 = Release|Any CPU
		{D946DFFD-DA83-4154-BCB8-D5A49DBA61CA}.Release|ARM.ActiveCfg = Release|Any CPU
		{D946DFFD-DA83-4154-BCB8-D5A49DBA61CA}.Release|ARM.Build.0 = Release|Any CPU
		{D946DFFD-DA83-4154-BCB8-D5A49DBA61CA}.Release|iPhone.ActiveCfg = Release|Any CPU
		{D946DFFD-DA83-4154-BCB8-D5A49DBA61CA}.Release|iPhone.Build.0 = Release|Any CPU
		{D946DFFD-DA83-4154-BCB8-D5A49DBA61CA}.Release|iPhoneSimulator.ActiveCfg = Release|Any CPU
		{D946DFFD-DA83-4154-BCB8-D5A49DBA61CA}.Release|iPhoneSimulator.Build.0 = Release|Any CPU
		{D946DFFD-DA83-4154-BCB8-D5A49DBA61CA}.Release|x64.ActiveCfg = Release|Any CPU
		{D946DFFD-DA83-4154-BCB8-D5A49DBA61CA}.Release|x64.Build.0 = Release|Any CPU
		{D946DFFD-DA83-4154-BCB8-D5A49DBA61CA}.Release|x86.ActiveCfg = Release|Any CPU
		{D946DFFD-DA83-4154-BCB8-D5A49DBA61CA}.Release|x86.Build.0 = Release|Any CPU
		{F3C52763-B94D-4BE5-875A-375977B7301A}.Debug|Any CPU.ActiveCfg = Debug|Any CPU
		{F3C52763-B94D-4BE5-875A-375977B7301A}.Debug|Any CPU.Build.0 = Debug|Any CPU
		{F3C52763-B94D-4BE5-875A-375977B7301A}.Debug|ARM.ActiveCfg = Debug|Any CPU
		{F3C52763-B94D-4BE5-875A-375977B7301A}.Debug|ARM.Build.0 = Debug|Any CPU
		{F3C52763-B94D-4BE5-875A-375977B7301A}.Debug|iPhone.ActiveCfg = Debug|Any CPU
		{F3C52763-B94D-4BE5-875A-375977B7301A}.Debug|iPhone.Build.0 = Debug|Any CPU
		{F3C52763-B94D-4BE5-875A-375977B7301A}.Debug|iPhoneSimulator.ActiveCfg = Debug|Any CPU
		{F3C52763-B94D-4BE5-875A-375977B7301A}.Debug|iPhoneSimulator.Build.0 = Debug|Any CPU
		{F3C52763-B94D-4BE5-875A-375977B7301A}.Debug|x64.ActiveCfg = Debug|Any CPU
		{F3C52763-B94D-4BE5-875A-375977B7301A}.Debug|x64.Build.0 = Debug|Any CPU
		{F3C52763-B94D-4BE5-875A-375977B7301A}.Debug|x86.ActiveCfg = Debug|Any CPU
		{F3C52763-B94D-4BE5-875A-375977B7301A}.Debug|x86.Build.0 = Debug|Any CPU
		{F3C52763-B94D-4BE5-875A-375977B7301A}.Release|Any CPU.ActiveCfg = Release|Any CPU
		{F3C52763-B94D-4BE5-875A-375977B7301A}.Release|Any CPU.Build.0 = Release|Any CPU
		{F3C52763-B94D-4BE5-875A-375977B7301A}.Release|ARM.ActiveCfg = Release|Any CPU
		{F3C52763-B94D-4BE5-875A-375977B7301A}.Release|ARM.Build.0 = Release|Any CPU
		{F3C52763-B94D-4BE5-875A-375977B7301A}.Release|iPhone.ActiveCfg = Release|Any CPU
		{F3C52763-B94D-4BE5-875A-375977B7301A}.Release|iPhone.Build.0 = Release|Any CPU
		{F3C52763-B94D-4BE5-875A-375977B7301A}.Release|iPhoneSimulator.ActiveCfg = Release|Any CPU
		{F3C52763-B94D-4BE5-875A-375977B7301A}.Release|iPhoneSimulator.Build.0 = Release|Any CPU
		{F3C52763-B94D-4BE5-875A-375977B7301A}.Release|x64.ActiveCfg = Release|Any CPU
		{F3C52763-B94D-4BE5-875A-375977B7301A}.Release|x64.Build.0 = Release|Any CPU
		{F3C52763-B94D-4BE5-875A-375977B7301A}.Release|x86.ActiveCfg = Release|Any CPU
		{F3C52763-B94D-4BE5-875A-375977B7301A}.Release|x86.Build.0 = Release|Any CPU
		{0414B551-57D1-4457-A333-01BFF7DE4A0D}.Debug|Any CPU.ActiveCfg = Debug|Any CPU
		{0414B551-57D1-4457-A333-01BFF7DE4A0D}.Debug|Any CPU.Build.0 = Debug|Any CPU
		{0414B551-57D1-4457-A333-01BFF7DE4A0D}.Debug|ARM.ActiveCfg = Debug|Any CPU
		{0414B551-57D1-4457-A333-01BFF7DE4A0D}.Debug|ARM.Build.0 = Debug|Any CPU
		{0414B551-57D1-4457-A333-01BFF7DE4A0D}.Debug|iPhone.ActiveCfg = Debug|Any CPU
		{0414B551-57D1-4457-A333-01BFF7DE4A0D}.Debug|iPhone.Build.0 = Debug|Any CPU
		{0414B551-57D1-4457-A333-01BFF7DE4A0D}.Debug|iPhoneSimulator.ActiveCfg = Debug|Any CPU
		{0414B551-57D1-4457-A333-01BFF7DE4A0D}.Debug|iPhoneSimulator.Build.0 = Debug|Any CPU
		{0414B551-57D1-4457-A333-01BFF7DE4A0D}.Debug|x64.ActiveCfg = Debug|Any CPU
		{0414B551-57D1-4457-A333-01BFF7DE4A0D}.Debug|x64.Build.0 = Debug|Any CPU
		{0414B551-57D1-4457-A333-01BFF7DE4A0D}.Debug|x86.ActiveCfg = Debug|Any CPU
		{0414B551-57D1-4457-A333-01BFF7DE4A0D}.Debug|x86.Build.0 = Debug|Any CPU
		{0414B551-57D1-4457-A333-01BFF7DE4A0D}.Release|Any CPU.ActiveCfg = Release|Any CPU
		{0414B551-57D1-4457-A333-01BFF7DE4A0D}.Release|Any CPU.Build.0 = Release|Any CPU
		{0414B551-57D1-4457-A333-01BFF7DE4A0D}.Release|ARM.ActiveCfg = Release|Any CPU
		{0414B551-57D1-4457-A333-01BFF7DE4A0D}.Release|ARM.Build.0 = Release|Any CPU
		{0414B551-57D1-4457-A333-01BFF7DE4A0D}.Release|iPhone.ActiveCfg = Release|Any CPU
		{0414B551-57D1-4457-A333-01BFF7DE4A0D}.Release|iPhone.Build.0 = Release|Any CPU
		{0414B551-57D1-4457-A333-01BFF7DE4A0D}.Release|iPhoneSimulator.ActiveCfg = Release|Any CPU
		{0414B551-57D1-4457-A333-01BFF7DE4A0D}.Release|iPhoneSimulator.Build.0 = Release|Any CPU
		{0414B551-57D1-4457-A333-01BFF7DE4A0D}.Release|x64.ActiveCfg = Release|Any CPU
		{0414B551-57D1-4457-A333-01BFF7DE4A0D}.Release|x64.Build.0 = Release|Any CPU
		{0414B551-57D1-4457-A333-01BFF7DE4A0D}.Release|x86.ActiveCfg = Release|Any CPU
		{0414B551-57D1-4457-A333-01BFF7DE4A0D}.Release|x86.Build.0 = Release|Any CPU
		{C7631309-A453-4784-A2B9-2F6211DA4453}.Debug|Any CPU.ActiveCfg = Debug|Any CPU
		{C7631309-A453-4784-A2B9-2F6211DA4453}.Debug|Any CPU.Build.0 = Debug|Any CPU
		{C7631309-A453-4784-A2B9-2F6211DA4453}.Debug|ARM.ActiveCfg = Debug|Any CPU
		{C7631309-A453-4784-A2B9-2F6211DA4453}.Debug|ARM.Build.0 = Debug|Any CPU
		{C7631309-A453-4784-A2B9-2F6211DA4453}.Debug|iPhone.ActiveCfg = Debug|Any CPU
		{C7631309-A453-4784-A2B9-2F6211DA4453}.Debug|iPhone.Build.0 = Debug|Any CPU
		{C7631309-A453-4784-A2B9-2F6211DA4453}.Debug|iPhoneSimulator.ActiveCfg = Debug|Any CPU
		{C7631309-A453-4784-A2B9-2F6211DA4453}.Debug|iPhoneSimulator.Build.0 = Debug|Any CPU
		{C7631309-A453-4784-A2B9-2F6211DA4453}.Debug|x64.ActiveCfg = Debug|Any CPU
		{C7631309-A453-4784-A2B9-2F6211DA4453}.Debug|x64.Build.0 = Debug|Any CPU
		{C7631309-A453-4784-A2B9-2F6211DA4453}.Debug|x86.ActiveCfg = Debug|Any CPU
		{C7631309-A453-4784-A2B9-2F6211DA4453}.Debug|x86.Build.0 = Debug|Any CPU
		{C7631309-A453-4784-A2B9-2F6211DA4453}.Release|Any CPU.ActiveCfg = Release|Any CPU
		{C7631309-A453-4784-A2B9-2F6211DA4453}.Release|Any CPU.Build.0 = Release|Any CPU
		{C7631309-A453-4784-A2B9-2F6211DA4453}.Release|ARM.ActiveCfg = Release|Any CPU
		{C7631309-A453-4784-A2B9-2F6211DA4453}.Release|ARM.Build.0 = Release|Any CPU
		{C7631309-A453-4784-A2B9-2F6211DA4453}.Release|iPhone.ActiveCfg = Release|Any CPU
		{C7631309-A453-4784-A2B9-2F6211DA4453}.Release|iPhone.Build.0 = Release|Any CPU
		{C7631309-A453-4784-A2B9-2F6211DA4453}.Release|iPhoneSimulator.ActiveCfg = Release|Any CPU
		{C7631309-A453-4784-A2B9-2F6211DA4453}.Release|iPhoneSimulator.Build.0 = Release|Any CPU
		{C7631309-A453-4784-A2B9-2F6211DA4453}.Release|x64.ActiveCfg = Release|Any CPU
		{C7631309-A453-4784-A2B9-2F6211DA4453}.Release|x64.Build.0 = Release|Any CPU
		{C7631309-A453-4784-A2B9-2F6211DA4453}.Release|x86.ActiveCfg = Release|Any CPU
		{C7631309-A453-4784-A2B9-2F6211DA4453}.Release|x86.Build.0 = Release|Any CPU
		{C79DDA06-868F-40D1-8200-44935C022F7D}.Debug|Any CPU.ActiveCfg = Debug|Any CPU
		{C79DDA06-868F-40D1-8200-44935C022F7D}.Debug|Any CPU.Build.0 = Debug|Any CPU
		{C79DDA06-868F-40D1-8200-44935C022F7D}.Debug|ARM.ActiveCfg = Debug|Any CPU
		{C79DDA06-868F-40D1-8200-44935C022F7D}.Debug|ARM.Build.0 = Debug|Any CPU
		{C79DDA06-868F-40D1-8200-44935C022F7D}.Debug|iPhone.ActiveCfg = Debug|Any CPU
		{C79DDA06-868F-40D1-8200-44935C022F7D}.Debug|iPhone.Build.0 = Debug|Any CPU
		{C79DDA06-868F-40D1-8200-44935C022F7D}.Debug|iPhoneSimulator.ActiveCfg = Debug|Any CPU
		{C79DDA06-868F-40D1-8200-44935C022F7D}.Debug|iPhoneSimulator.Build.0 = Debug|Any CPU
		{C79DDA06-868F-40D1-8200-44935C022F7D}.Debug|x64.ActiveCfg = Debug|Any CPU
		{C79DDA06-868F-40D1-8200-44935C022F7D}.Debug|x64.Build.0 = Debug|Any CPU
		{C79DDA06-868F-40D1-8200-44935C022F7D}.Debug|x86.ActiveCfg = Debug|Any CPU
		{C79DDA06-868F-40D1-8200-44935C022F7D}.Debug|x86.Build.0 = Debug|Any CPU
		{C79DDA06-868F-40D1-8200-44935C022F7D}.Release|Any CPU.ActiveCfg = Release|Any CPU
		{C79DDA06-868F-40D1-8200-44935C022F7D}.Release|Any CPU.Build.0 = Release|Any CPU
		{C79DDA06-868F-40D1-8200-44935C022F7D}.Release|ARM.ActiveCfg = Release|Any CPU
		{C79DDA06-868F-40D1-8200-44935C022F7D}.Release|ARM.Build.0 = Release|Any CPU
		{C79DDA06-868F-40D1-8200-44935C022F7D}.Release|iPhone.ActiveCfg = Release|Any CPU
		{C79DDA06-868F-40D1-8200-44935C022F7D}.Release|iPhone.Build.0 = Release|Any CPU
		{C79DDA06-868F-40D1-8200-44935C022F7D}.Release|iPhoneSimulator.ActiveCfg = Release|Any CPU
		{C79DDA06-868F-40D1-8200-44935C022F7D}.Release|iPhoneSimulator.Build.0 = Release|Any CPU
		{C79DDA06-868F-40D1-8200-44935C022F7D}.Release|x64.ActiveCfg = Release|Any CPU
		{C79DDA06-868F-40D1-8200-44935C022F7D}.Release|x64.Build.0 = Release|Any CPU
		{C79DDA06-868F-40D1-8200-44935C022F7D}.Release|x86.ActiveCfg = Release|Any CPU
		{C79DDA06-868F-40D1-8200-44935C022F7D}.Release|x86.Build.0 = Release|Any CPU
		{D9AE5380-150D-4996-9C06-CC4A8830E414}.Debug|Any CPU.ActiveCfg = Debug|Any CPU
		{D9AE5380-150D-4996-9C06-CC4A8830E414}.Debug|Any CPU.Build.0 = Debug|Any CPU
		{D9AE5380-150D-4996-9C06-CC4A8830E414}.Debug|ARM.ActiveCfg = Debug|Any CPU
		{D9AE5380-150D-4996-9C06-CC4A8830E414}.Debug|ARM.Build.0 = Debug|Any CPU
		{D9AE5380-150D-4996-9C06-CC4A8830E414}.Debug|iPhone.ActiveCfg = Debug|Any CPU
		{D9AE5380-150D-4996-9C06-CC4A8830E414}.Debug|iPhone.Build.0 = Debug|Any CPU
		{D9AE5380-150D-4996-9C06-CC4A8830E414}.Debug|iPhoneSimulator.ActiveCfg = Debug|Any CPU
		{D9AE5380-150D-4996-9C06-CC4A8830E414}.Debug|iPhoneSimulator.Build.0 = Debug|Any CPU
		{D9AE5380-150D-4996-9C06-CC4A8830E414}.Debug|x64.ActiveCfg = Debug|Any CPU
		{D9AE5380-150D-4996-9C06-CC4A8830E414}.Debug|x64.Build.0 = Debug|Any CPU
		{D9AE5380-150D-4996-9C06-CC4A8830E414}.Debug|x86.ActiveCfg = Debug|Any CPU
		{D9AE5380-150D-4996-9C06-CC4A8830E414}.Debug|x86.Build.0 = Debug|Any CPU
		{D9AE5380-150D-4996-9C06-CC4A8830E414}.Release|Any CPU.ActiveCfg = Release|Any CPU
		{D9AE5380-150D-4996-9C06-CC4A8830E414}.Release|Any CPU.Build.0 = Release|Any CPU
		{D9AE5380-150D-4996-9C06-CC4A8830E414}.Release|ARM.ActiveCfg = Release|Any CPU
		{D9AE5380-150D-4996-9C06-CC4A8830E414}.Release|ARM.Build.0 = Release|Any CPU
		{D9AE5380-150D-4996-9C06-CC4A8830E414}.Release|iPhone.ActiveCfg = Release|Any CPU
		{D9AE5380-150D-4996-9C06-CC4A8830E414}.Release|iPhone.Build.0 = Release|Any CPU
		{D9AE5380-150D-4996-9C06-CC4A8830E414}.Release|iPhoneSimulator.ActiveCfg = Release|Any CPU
		{D9AE5380-150D-4996-9C06-CC4A8830E414}.Release|iPhoneSimulator.Build.0 = Release|Any CPU
		{D9AE5380-150D-4996-9C06-CC4A8830E414}.Release|x64.ActiveCfg = Release|Any CPU
		{D9AE5380-150D-4996-9C06-CC4A8830E414}.Release|x64.Build.0 = Release|Any CPU
		{D9AE5380-150D-4996-9C06-CC4A8830E414}.Release|x86.ActiveCfg = Release|Any CPU
		{D9AE5380-150D-4996-9C06-CC4A8830E414}.Release|x86.Build.0 = Release|Any CPU
		{6780E7D8-43C1-46E9-A4EA-80D2A8701BF5}.Debug|Any CPU.ActiveCfg = Debug|Any CPU
		{6780E7D8-43C1-46E9-A4EA-80D2A8701BF5}.Debug|Any CPU.Build.0 = Debug|Any CPU
		{6780E7D8-43C1-46E9-A4EA-80D2A8701BF5}.Debug|ARM.ActiveCfg = Debug|Any CPU
		{6780E7D8-43C1-46E9-A4EA-80D2A8701BF5}.Debug|ARM.Build.0 = Debug|Any CPU
		{6780E7D8-43C1-46E9-A4EA-80D2A8701BF5}.Debug|iPhone.ActiveCfg = Debug|Any CPU
		{6780E7D8-43C1-46E9-A4EA-80D2A8701BF5}.Debug|iPhone.Build.0 = Debug|Any CPU
		{6780E7D8-43C1-46E9-A4EA-80D2A8701BF5}.Debug|iPhoneSimulator.ActiveCfg = Debug|Any CPU
		{6780E7D8-43C1-46E9-A4EA-80D2A8701BF5}.Debug|iPhoneSimulator.Build.0 = Debug|Any CPU
		{6780E7D8-43C1-46E9-A4EA-80D2A8701BF5}.Debug|x64.ActiveCfg = Debug|Any CPU
		{6780E7D8-43C1-46E9-A4EA-80D2A8701BF5}.Debug|x64.Build.0 = Debug|Any CPU
		{6780E7D8-43C1-46E9-A4EA-80D2A8701BF5}.Debug|x86.ActiveCfg = Debug|Any CPU
		{6780E7D8-43C1-46E9-A4EA-80D2A8701BF5}.Debug|x86.Build.0 = Debug|Any CPU
		{6780E7D8-43C1-46E9-A4EA-80D2A8701BF5}.Release|Any CPU.ActiveCfg = Release|Any CPU
		{6780E7D8-43C1-46E9-A4EA-80D2A8701BF5}.Release|Any CPU.Build.0 = Release|Any CPU
		{6780E7D8-43C1-46E9-A4EA-80D2A8701BF5}.Release|ARM.ActiveCfg = Release|Any CPU
		{6780E7D8-43C1-46E9-A4EA-80D2A8701BF5}.Release|ARM.Build.0 = Release|Any CPU
		{6780E7D8-43C1-46E9-A4EA-80D2A8701BF5}.Release|iPhone.ActiveCfg = Release|Any CPU
		{6780E7D8-43C1-46E9-A4EA-80D2A8701BF5}.Release|iPhone.Build.0 = Release|Any CPU
		{6780E7D8-43C1-46E9-A4EA-80D2A8701BF5}.Release|iPhoneSimulator.ActiveCfg = Release|Any CPU
		{6780E7D8-43C1-46E9-A4EA-80D2A8701BF5}.Release|iPhoneSimulator.Build.0 = Release|Any CPU
		{6780E7D8-43C1-46E9-A4EA-80D2A8701BF5}.Release|x64.ActiveCfg = Release|Any CPU
		{6780E7D8-43C1-46E9-A4EA-80D2A8701BF5}.Release|x64.Build.0 = Release|Any CPU
		{6780E7D8-43C1-46E9-A4EA-80D2A8701BF5}.Release|x86.ActiveCfg = Release|Any CPU
		{6780E7D8-43C1-46E9-A4EA-80D2A8701BF5}.Release|x86.Build.0 = Release|Any CPU
		{25511664-0A8F-43EB-A883-5493F0A67ED1}.Debug|Any CPU.ActiveCfg = Debug|Any CPU
		{25511664-0A8F-43EB-A883-5493F0A67ED1}.Debug|Any CPU.Build.0 = Debug|Any CPU
		{25511664-0A8F-43EB-A883-5493F0A67ED1}.Debug|ARM.ActiveCfg = Debug|Any CPU
		{25511664-0A8F-43EB-A883-5493F0A67ED1}.Debug|ARM.Build.0 = Debug|Any CPU
		{25511664-0A8F-43EB-A883-5493F0A67ED1}.Debug|iPhone.ActiveCfg = Debug|Any CPU
		{25511664-0A8F-43EB-A883-5493F0A67ED1}.Debug|iPhone.Build.0 = Debug|Any CPU
		{25511664-0A8F-43EB-A883-5493F0A67ED1}.Debug|iPhoneSimulator.ActiveCfg = Debug|Any CPU
		{25511664-0A8F-43EB-A883-5493F0A67ED1}.Debug|iPhoneSimulator.Build.0 = Debug|Any CPU
		{25511664-0A8F-43EB-A883-5493F0A67ED1}.Debug|x64.ActiveCfg = Debug|Any CPU
		{25511664-0A8F-43EB-A883-5493F0A67ED1}.Debug|x64.Build.0 = Debug|Any CPU
		{25511664-0A8F-43EB-A883-5493F0A67ED1}.Debug|x86.ActiveCfg = Debug|Any CPU
		{25511664-0A8F-43EB-A883-5493F0A67ED1}.Debug|x86.Build.0 = Debug|Any CPU
		{25511664-0A8F-43EB-A883-5493F0A67ED1}.Release|Any CPU.ActiveCfg = Release|Any CPU
		{25511664-0A8F-43EB-A883-5493F0A67ED1}.Release|Any CPU.Build.0 = Release|Any CPU
		{25511664-0A8F-43EB-A883-5493F0A67ED1}.Release|ARM.ActiveCfg = Release|Any CPU
		{25511664-0A8F-43EB-A883-5493F0A67ED1}.Release|ARM.Build.0 = Release|Any CPU
		{25511664-0A8F-43EB-A883-5493F0A67ED1}.Release|iPhone.ActiveCfg = Release|Any CPU
		{25511664-0A8F-43EB-A883-5493F0A67ED1}.Release|iPhone.Build.0 = Release|Any CPU
		{25511664-0A8F-43EB-A883-5493F0A67ED1}.Release|iPhoneSimulator.ActiveCfg = Release|Any CPU
		{25511664-0A8F-43EB-A883-5493F0A67ED1}.Release|iPhoneSimulator.Build.0 = Release|Any CPU
		{25511664-0A8F-43EB-A883-5493F0A67ED1}.Release|x64.ActiveCfg = Release|Any CPU
		{25511664-0A8F-43EB-A883-5493F0A67ED1}.Release|x64.Build.0 = Release|Any CPU
		{25511664-0A8F-43EB-A883-5493F0A67ED1}.Release|x86.ActiveCfg = Release|Any CPU
		{25511664-0A8F-43EB-A883-5493F0A67ED1}.Release|x86.Build.0 = Release|Any CPU
		{7C602925-A79E-47D0-A8FE-5D7AC1517C78}.Debug|Any CPU.ActiveCfg = Debug|Any CPU
		{7C602925-A79E-47D0-A8FE-5D7AC1517C78}.Debug|Any CPU.Build.0 = Debug|Any CPU
		{7C602925-A79E-47D0-A8FE-5D7AC1517C78}.Debug|ARM.ActiveCfg = Debug|Any CPU
		{7C602925-A79E-47D0-A8FE-5D7AC1517C78}.Debug|ARM.Build.0 = Debug|Any CPU
		{7C602925-A79E-47D0-A8FE-5D7AC1517C78}.Debug|iPhone.ActiveCfg = Debug|Any CPU
		{7C602925-A79E-47D0-A8FE-5D7AC1517C78}.Debug|iPhone.Build.0 = Debug|Any CPU
		{7C602925-A79E-47D0-A8FE-5D7AC1517C78}.Debug|iPhoneSimulator.ActiveCfg = Debug|Any CPU
		{7C602925-A79E-47D0-A8FE-5D7AC1517C78}.Debug|iPhoneSimulator.Build.0 = Debug|Any CPU
		{7C602925-A79E-47D0-A8FE-5D7AC1517C78}.Debug|x64.ActiveCfg = Debug|Any CPU
		{7C602925-A79E-47D0-A8FE-5D7AC1517C78}.Debug|x64.Build.0 = Debug|Any CPU
		{7C602925-A79E-47D0-A8FE-5D7AC1517C78}.Debug|x86.ActiveCfg = Debug|Any CPU
		{7C602925-A79E-47D0-A8FE-5D7AC1517C78}.Debug|x86.Build.0 = Debug|Any CPU
		{7C602925-A79E-47D0-A8FE-5D7AC1517C78}.Release|Any CPU.ActiveCfg = Release|Any CPU
		{7C602925-A79E-47D0-A8FE-5D7AC1517C78}.Release|Any CPU.Build.0 = Release|Any CPU
		{7C602925-A79E-47D0-A8FE-5D7AC1517C78}.Release|ARM.ActiveCfg = Release|Any CPU
		{7C602925-A79E-47D0-A8FE-5D7AC1517C78}.Release|ARM.Build.0 = Release|Any CPU
		{7C602925-A79E-47D0-A8FE-5D7AC1517C78}.Release|iPhone.ActiveCfg = Release|Any CPU
		{7C602925-A79E-47D0-A8FE-5D7AC1517C78}.Release|iPhone.Build.0 = Release|Any CPU
		{7C602925-A79E-47D0-A8FE-5D7AC1517C78}.Release|iPhoneSimulator.ActiveCfg = Release|Any CPU
		{7C602925-A79E-47D0-A8FE-5D7AC1517C78}.Release|iPhoneSimulator.Build.0 = Release|Any CPU
		{7C602925-A79E-47D0-A8FE-5D7AC1517C78}.Release|x64.ActiveCfg = Release|Any CPU
		{7C602925-A79E-47D0-A8FE-5D7AC1517C78}.Release|x64.Build.0 = Release|Any CPU
		{7C602925-A79E-47D0-A8FE-5D7AC1517C78}.Release|x86.ActiveCfg = Release|Any CPU
		{7C602925-A79E-47D0-A8FE-5D7AC1517C78}.Release|x86.Build.0 = Release|Any CPU
		{35CFFDAA-0FB9-4854-B79E-AA34E100FC19}.Debug|Any CPU.ActiveCfg = Debug|Any CPU
		{35CFFDAA-0FB9-4854-B79E-AA34E100FC19}.Debug|Any CPU.Build.0 = Debug|Any CPU
		{35CFFDAA-0FB9-4854-B79E-AA34E100FC19}.Debug|ARM.ActiveCfg = Debug|Any CPU
		{35CFFDAA-0FB9-4854-B79E-AA34E100FC19}.Debug|ARM.Build.0 = Debug|Any CPU
		{35CFFDAA-0FB9-4854-B79E-AA34E100FC19}.Debug|iPhone.ActiveCfg = Debug|Any CPU
		{35CFFDAA-0FB9-4854-B79E-AA34E100FC19}.Debug|iPhone.Build.0 = Debug|Any CPU
		{35CFFDAA-0FB9-4854-B79E-AA34E100FC19}.Debug|iPhoneSimulator.ActiveCfg = Debug|Any CPU
		{35CFFDAA-0FB9-4854-B79E-AA34E100FC19}.Debug|iPhoneSimulator.Build.0 = Debug|Any CPU
		{35CFFDAA-0FB9-4854-B79E-AA34E100FC19}.Debug|x64.ActiveCfg = Debug|Any CPU
		{35CFFDAA-0FB9-4854-B79E-AA34E100FC19}.Debug|x64.Build.0 = Debug|Any CPU
		{35CFFDAA-0FB9-4854-B79E-AA34E100FC19}.Debug|x86.ActiveCfg = Debug|Any CPU
		{35CFFDAA-0FB9-4854-B79E-AA34E100FC19}.Debug|x86.Build.0 = Debug|Any CPU
		{35CFFDAA-0FB9-4854-B79E-AA34E100FC19}.Release|Any CPU.ActiveCfg = Release|Any CPU
		{35CFFDAA-0FB9-4854-B79E-AA34E100FC19}.Release|Any CPU.Build.0 = Release|Any CPU
		{35CFFDAA-0FB9-4854-B79E-AA34E100FC19}.Release|ARM.ActiveCfg = Release|Any CPU
		{35CFFDAA-0FB9-4854-B79E-AA34E100FC19}.Release|ARM.Build.0 = Release|Any CPU
		{35CFFDAA-0FB9-4854-B79E-AA34E100FC19}.Release|iPhone.ActiveCfg = Release|Any CPU
		{35CFFDAA-0FB9-4854-B79E-AA34E100FC19}.Release|iPhone.Build.0 = Release|Any CPU
		{35CFFDAA-0FB9-4854-B79E-AA34E100FC19}.Release|iPhoneSimulator.ActiveCfg = Release|Any CPU
		{35CFFDAA-0FB9-4854-B79E-AA34E100FC19}.Release|iPhoneSimulator.Build.0 = Release|Any CPU
		{35CFFDAA-0FB9-4854-B79E-AA34E100FC19}.Release|x64.ActiveCfg = Release|Any CPU
		{35CFFDAA-0FB9-4854-B79E-AA34E100FC19}.Release|x64.Build.0 = Release|Any CPU
		{35CFFDAA-0FB9-4854-B79E-AA34E100FC19}.Release|x86.ActiveCfg = Release|Any CPU
		{35CFFDAA-0FB9-4854-B79E-AA34E100FC19}.Release|x86.Build.0 = Release|Any CPU
		{AB670990-77E2-440C-B43A-33A409E86FB3}.Debug|Any CPU.ActiveCfg = Debug|Any CPU
		{AB670990-77E2-440C-B43A-33A409E86FB3}.Debug|Any CPU.Build.0 = Debug|Any CPU
		{AB670990-77E2-440C-B43A-33A409E86FB3}.Debug|ARM.ActiveCfg = Debug|Any CPU
		{AB670990-77E2-440C-B43A-33A409E86FB3}.Debug|ARM.Build.0 = Debug|Any CPU
		{AB670990-77E2-440C-B43A-33A409E86FB3}.Debug|iPhone.ActiveCfg = Debug|Any CPU
		{AB670990-77E2-440C-B43A-33A409E86FB3}.Debug|iPhone.Build.0 = Debug|Any CPU
		{AB670990-77E2-440C-B43A-33A409E86FB3}.Debug|iPhoneSimulator.ActiveCfg = Debug|Any CPU
		{AB670990-77E2-440C-B43A-33A409E86FB3}.Debug|iPhoneSimulator.Build.0 = Debug|Any CPU
		{AB670990-77E2-440C-B43A-33A409E86FB3}.Debug|x64.ActiveCfg = Debug|Any CPU
		{AB670990-77E2-440C-B43A-33A409E86FB3}.Debug|x64.Build.0 = Debug|Any CPU
		{AB670990-77E2-440C-B43A-33A409E86FB3}.Debug|x86.ActiveCfg = Debug|Any CPU
		{AB670990-77E2-440C-B43A-33A409E86FB3}.Debug|x86.Build.0 = Debug|Any CPU
		{AB670990-77E2-440C-B43A-33A409E86FB3}.Release|Any CPU.ActiveCfg = Release|Any CPU
		{AB670990-77E2-440C-B43A-33A409E86FB3}.Release|Any CPU.Build.0 = Release|Any CPU
		{AB670990-77E2-440C-B43A-33A409E86FB3}.Release|ARM.ActiveCfg = Release|Any CPU
		{AB670990-77E2-440C-B43A-33A409E86FB3}.Release|ARM.Build.0 = Release|Any CPU
		{AB670990-77E2-440C-B43A-33A409E86FB3}.Release|iPhone.ActiveCfg = Release|Any CPU
		{AB670990-77E2-440C-B43A-33A409E86FB3}.Release|iPhone.Build.0 = Release|Any CPU
		{AB670990-77E2-440C-B43A-33A409E86FB3}.Release|iPhoneSimulator.ActiveCfg = Release|Any CPU
		{AB670990-77E2-440C-B43A-33A409E86FB3}.Release|iPhoneSimulator.Build.0 = Release|Any CPU
		{AB670990-77E2-440C-B43A-33A409E86FB3}.Release|x64.ActiveCfg = Release|Any CPU
		{AB670990-77E2-440C-B43A-33A409E86FB3}.Release|x64.Build.0 = Release|Any CPU
		{AB670990-77E2-440C-B43A-33A409E86FB3}.Release|x86.ActiveCfg = Release|Any CPU
		{AB670990-77E2-440C-B43A-33A409E86FB3}.Release|x86.Build.0 = Release|Any CPU
		{564C4513-AF6B-4F19-BE0B-D01091F16844}.Debug|Any CPU.ActiveCfg = Debug|Any CPU
		{564C4513-AF6B-4F19-BE0B-D01091F16844}.Debug|Any CPU.Build.0 = Debug|Any CPU
		{564C4513-AF6B-4F19-BE0B-D01091F16844}.Debug|ARM.ActiveCfg = Debug|Any CPU
		{564C4513-AF6B-4F19-BE0B-D01091F16844}.Debug|ARM.Build.0 = Debug|Any CPU
		{564C4513-AF6B-4F19-BE0B-D01091F16844}.Debug|iPhone.ActiveCfg = Debug|Any CPU
		{564C4513-AF6B-4F19-BE0B-D01091F16844}.Debug|iPhone.Build.0 = Debug|Any CPU
		{564C4513-AF6B-4F19-BE0B-D01091F16844}.Debug|iPhoneSimulator.ActiveCfg = Debug|Any CPU
		{564C4513-AF6B-4F19-BE0B-D01091F16844}.Debug|iPhoneSimulator.Build.0 = Debug|Any CPU
		{564C4513-AF6B-4F19-BE0B-D01091F16844}.Debug|x64.ActiveCfg = Debug|Any CPU
		{564C4513-AF6B-4F19-BE0B-D01091F16844}.Debug|x64.Build.0 = Debug|Any CPU
		{564C4513-AF6B-4F19-BE0B-D01091F16844}.Debug|x86.ActiveCfg = Debug|Any CPU
		{564C4513-AF6B-4F19-BE0B-D01091F16844}.Debug|x86.Build.0 = Debug|Any CPU
		{564C4513-AF6B-4F19-BE0B-D01091F16844}.Release|Any CPU.ActiveCfg = Release|Any CPU
		{564C4513-AF6B-4F19-BE0B-D01091F16844}.Release|Any CPU.Build.0 = Release|Any CPU
		{564C4513-AF6B-4F19-BE0B-D01091F16844}.Release|ARM.ActiveCfg = Release|Any CPU
		{564C4513-AF6B-4F19-BE0B-D01091F16844}.Release|ARM.Build.0 = Release|Any CPU
		{564C4513-AF6B-4F19-BE0B-D01091F16844}.Release|iPhone.ActiveCfg = Release|Any CPU
		{564C4513-AF6B-4F19-BE0B-D01091F16844}.Release|iPhone.Build.0 = Release|Any CPU
		{564C4513-AF6B-4F19-BE0B-D01091F16844}.Release|iPhoneSimulator.ActiveCfg = Release|Any CPU
		{564C4513-AF6B-4F19-BE0B-D01091F16844}.Release|iPhoneSimulator.Build.0 = Release|Any CPU
		{564C4513-AF6B-4F19-BE0B-D01091F16844}.Release|x64.ActiveCfg = Release|Any CPU
		{564C4513-AF6B-4F19-BE0B-D01091F16844}.Release|x64.Build.0 = Release|Any CPU
		{564C4513-AF6B-4F19-BE0B-D01091F16844}.Release|x86.ActiveCfg = Release|Any CPU
		{564C4513-AF6B-4F19-BE0B-D01091F16844}.Release|x86.Build.0 = Release|Any CPU
		{FAD91D9B-0B17-4A20-97B1-28570367AAFB}.Debug|Any CPU.ActiveCfg = Debug|Any CPU
		{FAD91D9B-0B17-4A20-97B1-28570367AAFB}.Debug|Any CPU.Build.0 = Debug|Any CPU
		{FAD91D9B-0B17-4A20-97B1-28570367AAFB}.Debug|ARM.ActiveCfg = Debug|Any CPU
		{FAD91D9B-0B17-4A20-97B1-28570367AAFB}.Debug|ARM.Build.0 = Debug|Any CPU
		{FAD91D9B-0B17-4A20-97B1-28570367AAFB}.Debug|iPhone.ActiveCfg = Debug|Any CPU
		{FAD91D9B-0B17-4A20-97B1-28570367AAFB}.Debug|iPhone.Build.0 = Debug|Any CPU
		{FAD91D9B-0B17-4A20-97B1-28570367AAFB}.Debug|iPhoneSimulator.ActiveCfg = Debug|Any CPU
		{FAD91D9B-0B17-4A20-97B1-28570367AAFB}.Debug|iPhoneSimulator.Build.0 = Debug|Any CPU
		{FAD91D9B-0B17-4A20-97B1-28570367AAFB}.Debug|x64.ActiveCfg = Debug|Any CPU
		{FAD91D9B-0B17-4A20-97B1-28570367AAFB}.Debug|x64.Build.0 = Debug|Any CPU
		{FAD91D9B-0B17-4A20-97B1-28570367AAFB}.Debug|x86.ActiveCfg = Debug|Any CPU
		{FAD91D9B-0B17-4A20-97B1-28570367AAFB}.Debug|x86.Build.0 = Debug|Any CPU
		{FAD91D9B-0B17-4A20-97B1-28570367AAFB}.Release|Any CPU.ActiveCfg = Release|Any CPU
		{FAD91D9B-0B17-4A20-97B1-28570367AAFB}.Release|Any CPU.Build.0 = Release|Any CPU
		{FAD91D9B-0B17-4A20-97B1-28570367AAFB}.Release|ARM.ActiveCfg = Release|Any CPU
		{FAD91D9B-0B17-4A20-97B1-28570367AAFB}.Release|ARM.Build.0 = Release|Any CPU
		{FAD91D9B-0B17-4A20-97B1-28570367AAFB}.Release|iPhone.ActiveCfg = Release|Any CPU
		{FAD91D9B-0B17-4A20-97B1-28570367AAFB}.Release|iPhone.Build.0 = Release|Any CPU
		{FAD91D9B-0B17-4A20-97B1-28570367AAFB}.Release|iPhoneSimulator.ActiveCfg = Release|Any CPU
		{FAD91D9B-0B17-4A20-97B1-28570367AAFB}.Release|iPhoneSimulator.Build.0 = Release|Any CPU
		{FAD91D9B-0B17-4A20-97B1-28570367AAFB}.Release|x64.ActiveCfg = Release|Any CPU
		{FAD91D9B-0B17-4A20-97B1-28570367AAFB}.Release|x64.Build.0 = Release|Any CPU
		{FAD91D9B-0B17-4A20-97B1-28570367AAFB}.Release|x86.ActiveCfg = Release|Any CPU
		{FAD91D9B-0B17-4A20-97B1-28570367AAFB}.Release|x86.Build.0 = Release|Any CPU
		{7C34537E-9E72-477C-BDD9-51E329B2DE7E}.Debug|Any CPU.ActiveCfg = Debug|Any CPU
		{7C34537E-9E72-477C-BDD9-51E329B2DE7E}.Debug|Any CPU.Build.0 = Debug|Any CPU
		{7C34537E-9E72-477C-BDD9-51E329B2DE7E}.Debug|ARM.ActiveCfg = Debug|Any CPU
		{7C34537E-9E72-477C-BDD9-51E329B2DE7E}.Debug|ARM.Build.0 = Debug|Any CPU
		{7C34537E-9E72-477C-BDD9-51E329B2DE7E}.Debug|iPhone.ActiveCfg = Debug|Any CPU
		{7C34537E-9E72-477C-BDD9-51E329B2DE7E}.Debug|iPhone.Build.0 = Debug|Any CPU
		{7C34537E-9E72-477C-BDD9-51E329B2DE7E}.Debug|iPhoneSimulator.ActiveCfg = Debug|Any CPU
		{7C34537E-9E72-477C-BDD9-51E329B2DE7E}.Debug|iPhoneSimulator.Build.0 = Debug|Any CPU
		{7C34537E-9E72-477C-BDD9-51E329B2DE7E}.Debug|x64.ActiveCfg = Debug|Any CPU
		{7C34537E-9E72-477C-BDD9-51E329B2DE7E}.Debug|x64.Build.0 = Debug|Any CPU
		{7C34537E-9E72-477C-BDD9-51E329B2DE7E}.Debug|x86.ActiveCfg = Debug|Any CPU
		{7C34537E-9E72-477C-BDD9-51E329B2DE7E}.Debug|x86.Build.0 = Debug|Any CPU
		{7C34537E-9E72-477C-BDD9-51E329B2DE7E}.Release|Any CPU.ActiveCfg = Release|Any CPU
		{7C34537E-9E72-477C-BDD9-51E329B2DE7E}.Release|Any CPU.Build.0 = Release|Any CPU
		{7C34537E-9E72-477C-BDD9-51E329B2DE7E}.Release|ARM.ActiveCfg = Release|Any CPU
		{7C34537E-9E72-477C-BDD9-51E329B2DE7E}.Release|ARM.Build.0 = Release|Any CPU
		{7C34537E-9E72-477C-BDD9-51E329B2DE7E}.Release|iPhone.ActiveCfg = Release|Any CPU
		{7C34537E-9E72-477C-BDD9-51E329B2DE7E}.Release|iPhone.Build.0 = Release|Any CPU
		{7C34537E-9E72-477C-BDD9-51E329B2DE7E}.Release|iPhoneSimulator.ActiveCfg = Release|Any CPU
		{7C34537E-9E72-477C-BDD9-51E329B2DE7E}.Release|iPhoneSimulator.Build.0 = Release|Any CPU
		{7C34537E-9E72-477C-BDD9-51E329B2DE7E}.Release|x64.ActiveCfg = Release|Any CPU
		{7C34537E-9E72-477C-BDD9-51E329B2DE7E}.Release|x64.Build.0 = Release|Any CPU
		{7C34537E-9E72-477C-BDD9-51E329B2DE7E}.Release|x86.ActiveCfg = Release|Any CPU
		{7C34537E-9E72-477C-BDD9-51E329B2DE7E}.Release|x86.Build.0 = Release|Any CPU
		{59607224-82BE-46D0-83B0-EEF0BE2039CC}.Debug|Any CPU.ActiveCfg = Debug|Any CPU
		{59607224-82BE-46D0-83B0-EEF0BE2039CC}.Debug|Any CPU.Build.0 = Debug|Any CPU
		{59607224-82BE-46D0-83B0-EEF0BE2039CC}.Debug|ARM.ActiveCfg = Debug|Any CPU
		{59607224-82BE-46D0-83B0-EEF0BE2039CC}.Debug|ARM.Build.0 = Debug|Any CPU
		{59607224-82BE-46D0-83B0-EEF0BE2039CC}.Debug|iPhone.ActiveCfg = Debug|Any CPU
		{59607224-82BE-46D0-83B0-EEF0BE2039CC}.Debug|iPhone.Build.0 = Debug|Any CPU
		{59607224-82BE-46D0-83B0-EEF0BE2039CC}.Debug|iPhoneSimulator.ActiveCfg = Debug|Any CPU
		{59607224-82BE-46D0-83B0-EEF0BE2039CC}.Debug|iPhoneSimulator.Build.0 = Debug|Any CPU
		{59607224-82BE-46D0-83B0-EEF0BE2039CC}.Debug|x64.ActiveCfg = Debug|Any CPU
		{59607224-82BE-46D0-83B0-EEF0BE2039CC}.Debug|x64.Build.0 = Debug|Any CPU
		{59607224-82BE-46D0-83B0-EEF0BE2039CC}.Debug|x86.ActiveCfg = Debug|Any CPU
		{59607224-82BE-46D0-83B0-EEF0BE2039CC}.Debug|x86.Build.0 = Debug|Any CPU
		{59607224-82BE-46D0-83B0-EEF0BE2039CC}.Release|Any CPU.ActiveCfg = Release|Any CPU
		{59607224-82BE-46D0-83B0-EEF0BE2039CC}.Release|Any CPU.Build.0 = Release|Any CPU
		{59607224-82BE-46D0-83B0-EEF0BE2039CC}.Release|ARM.ActiveCfg = Release|Any CPU
		{59607224-82BE-46D0-83B0-EEF0BE2039CC}.Release|ARM.Build.0 = Release|Any CPU
		{59607224-82BE-46D0-83B0-EEF0BE2039CC}.Release|iPhone.ActiveCfg = Release|Any CPU
		{59607224-82BE-46D0-83B0-EEF0BE2039CC}.Release|iPhone.Build.0 = Release|Any CPU
		{59607224-82BE-46D0-83B0-EEF0BE2039CC}.Release|iPhoneSimulator.ActiveCfg = Release|Any CPU
		{59607224-82BE-46D0-83B0-EEF0BE2039CC}.Release|iPhoneSimulator.Build.0 = Release|Any CPU
		{59607224-82BE-46D0-83B0-EEF0BE2039CC}.Release|x64.ActiveCfg = Release|Any CPU
		{59607224-82BE-46D0-83B0-EEF0BE2039CC}.Release|x64.Build.0 = Release|Any CPU
		{59607224-82BE-46D0-83B0-EEF0BE2039CC}.Release|x86.ActiveCfg = Release|Any CPU
		{59607224-82BE-46D0-83B0-EEF0BE2039CC}.Release|x86.Build.0 = Release|Any CPU
		{DB190D89-20A1-437E-9B4B-FD55E68505DE}.Debug|Any CPU.ActiveCfg = Debug|Any CPU
		{DB190D89-20A1-437E-9B4B-FD55E68505DE}.Debug|Any CPU.Build.0 = Debug|Any CPU
		{DB190D89-20A1-437E-9B4B-FD55E68505DE}.Debug|ARM.ActiveCfg = Debug|Any CPU
		{DB190D89-20A1-437E-9B4B-FD55E68505DE}.Debug|ARM.Build.0 = Debug|Any CPU
		{DB190D89-20A1-437E-9B4B-FD55E68505DE}.Debug|iPhone.ActiveCfg = Debug|Any CPU
		{DB190D89-20A1-437E-9B4B-FD55E68505DE}.Debug|iPhone.Build.0 = Debug|Any CPU
		{DB190D89-20A1-437E-9B4B-FD55E68505DE}.Debug|iPhoneSimulator.ActiveCfg = Debug|Any CPU
		{DB190D89-20A1-437E-9B4B-FD55E68505DE}.Debug|iPhoneSimulator.Build.0 = Debug|Any CPU
		{DB190D89-20A1-437E-9B4B-FD55E68505DE}.Debug|x64.ActiveCfg = Debug|Any CPU
		{DB190D89-20A1-437E-9B4B-FD55E68505DE}.Debug|x64.Build.0 = Debug|Any CPU
		{DB190D89-20A1-437E-9B4B-FD55E68505DE}.Debug|x86.ActiveCfg = Debug|Any CPU
		{DB190D89-20A1-437E-9B4B-FD55E68505DE}.Debug|x86.Build.0 = Debug|Any CPU
		{DB190D89-20A1-437E-9B4B-FD55E68505DE}.Release|Any CPU.ActiveCfg = Release|Any CPU
		{DB190D89-20A1-437E-9B4B-FD55E68505DE}.Release|Any CPU.Build.0 = Release|Any CPU
		{DB190D89-20A1-437E-9B4B-FD55E68505DE}.Release|ARM.ActiveCfg = Release|Any CPU
		{DB190D89-20A1-437E-9B4B-FD55E68505DE}.Release|ARM.Build.0 = Release|Any CPU
		{DB190D89-20A1-437E-9B4B-FD55E68505DE}.Release|iPhone.ActiveCfg = Release|Any CPU
		{DB190D89-20A1-437E-9B4B-FD55E68505DE}.Release|iPhone.Build.0 = Release|Any CPU
		{DB190D89-20A1-437E-9B4B-FD55E68505DE}.Release|iPhoneSimulator.ActiveCfg = Release|Any CPU
		{DB190D89-20A1-437E-9B4B-FD55E68505DE}.Release|iPhoneSimulator.Build.0 = Release|Any CPU
		{DB190D89-20A1-437E-9B4B-FD55E68505DE}.Release|x64.ActiveCfg = Release|Any CPU
		{DB190D89-20A1-437E-9B4B-FD55E68505DE}.Release|x64.Build.0 = Release|Any CPU
		{DB190D89-20A1-437E-9B4B-FD55E68505DE}.Release|x86.ActiveCfg = Release|Any CPU
		{DB190D89-20A1-437E-9B4B-FD55E68505DE}.Release|x86.Build.0 = Release|Any CPU
		{78D420BF-E782-4AF7-9FAD-28497FCEDBDC}.Debug|Any CPU.ActiveCfg = Debug|Any CPU
		{78D420BF-E782-4AF7-9FAD-28497FCEDBDC}.Debug|Any CPU.Build.0 = Debug|Any CPU
		{78D420BF-E782-4AF7-9FAD-28497FCEDBDC}.Debug|ARM.ActiveCfg = Debug|Any CPU
		{78D420BF-E782-4AF7-9FAD-28497FCEDBDC}.Debug|ARM.Build.0 = Debug|Any CPU
		{78D420BF-E782-4AF7-9FAD-28497FCEDBDC}.Debug|iPhone.ActiveCfg = Debug|Any CPU
		{78D420BF-E782-4AF7-9FAD-28497FCEDBDC}.Debug|iPhone.Build.0 = Debug|Any CPU
		{78D420BF-E782-4AF7-9FAD-28497FCEDBDC}.Debug|iPhoneSimulator.ActiveCfg = Debug|Any CPU
		{78D420BF-E782-4AF7-9FAD-28497FCEDBDC}.Debug|iPhoneSimulator.Build.0 = Debug|Any CPU
		{78D420BF-E782-4AF7-9FAD-28497FCEDBDC}.Debug|x64.ActiveCfg = Debug|Any CPU
		{78D420BF-E782-4AF7-9FAD-28497FCEDBDC}.Debug|x64.Build.0 = Debug|Any CPU
		{78D420BF-E782-4AF7-9FAD-28497FCEDBDC}.Debug|x86.ActiveCfg = Debug|Any CPU
		{78D420BF-E782-4AF7-9FAD-28497FCEDBDC}.Debug|x86.Build.0 = Debug|Any CPU
		{78D420BF-E782-4AF7-9FAD-28497FCEDBDC}.Release|Any CPU.ActiveCfg = Release|Any CPU
		{78D420BF-E782-4AF7-9FAD-28497FCEDBDC}.Release|Any CPU.Build.0 = Release|Any CPU
		{78D420BF-E782-4AF7-9FAD-28497FCEDBDC}.Release|ARM.ActiveCfg = Release|Any CPU
		{78D420BF-E782-4AF7-9FAD-28497FCEDBDC}.Release|ARM.Build.0 = Release|Any CPU
		{78D420BF-E782-4AF7-9FAD-28497FCEDBDC}.Release|iPhone.ActiveCfg = Release|Any CPU
		{78D420BF-E782-4AF7-9FAD-28497FCEDBDC}.Release|iPhone.Build.0 = Release|Any CPU
		{78D420BF-E782-4AF7-9FAD-28497FCEDBDC}.Release|iPhoneSimulator.ActiveCfg = Release|Any CPU
		{78D420BF-E782-4AF7-9FAD-28497FCEDBDC}.Release|iPhoneSimulator.Build.0 = Release|Any CPU
		{78D420BF-E782-4AF7-9FAD-28497FCEDBDC}.Release|x64.ActiveCfg = Release|Any CPU
		{78D420BF-E782-4AF7-9FAD-28497FCEDBDC}.Release|x64.Build.0 = Release|Any CPU
		{78D420BF-E782-4AF7-9FAD-28497FCEDBDC}.Release|x86.ActiveCfg = Release|Any CPU
		{78D420BF-E782-4AF7-9FAD-28497FCEDBDC}.Release|x86.Build.0 = Release|Any CPU
		{79163902-C49B-4C50-BA7D-38A6BAB843B0}.Debug|Any CPU.ActiveCfg = Debug|Any CPU
		{79163902-C49B-4C50-BA7D-38A6BAB843B0}.Debug|Any CPU.Build.0 = Debug|Any CPU
		{79163902-C49B-4C50-BA7D-38A6BAB843B0}.Debug|ARM.ActiveCfg = Debug|Any CPU
		{79163902-C49B-4C50-BA7D-38A6BAB843B0}.Debug|ARM.Build.0 = Debug|Any CPU
		{79163902-C49B-4C50-BA7D-38A6BAB843B0}.Debug|iPhone.ActiveCfg = Debug|Any CPU
		{79163902-C49B-4C50-BA7D-38A6BAB843B0}.Debug|iPhone.Build.0 = Debug|Any CPU
		{79163902-C49B-4C50-BA7D-38A6BAB843B0}.Debug|iPhoneSimulator.ActiveCfg = Debug|Any CPU
		{79163902-C49B-4C50-BA7D-38A6BAB843B0}.Debug|iPhoneSimulator.Build.0 = Debug|Any CPU
		{79163902-C49B-4C50-BA7D-38A6BAB843B0}.Debug|x64.ActiveCfg = Debug|Any CPU
		{79163902-C49B-4C50-BA7D-38A6BAB843B0}.Debug|x64.Build.0 = Debug|Any CPU
		{79163902-C49B-4C50-BA7D-38A6BAB843B0}.Debug|x86.ActiveCfg = Debug|Any CPU
		{79163902-C49B-4C50-BA7D-38A6BAB843B0}.Debug|x86.Build.0 = Debug|Any CPU
		{79163902-C49B-4C50-BA7D-38A6BAB843B0}.Release|Any CPU.ActiveCfg = Release|Any CPU
		{79163902-C49B-4C50-BA7D-38A6BAB843B0}.Release|Any CPU.Build.0 = Release|Any CPU
		{79163902-C49B-4C50-BA7D-38A6BAB843B0}.Release|ARM.ActiveCfg = Release|Any CPU
		{79163902-C49B-4C50-BA7D-38A6BAB843B0}.Release|ARM.Build.0 = Release|Any CPU
		{79163902-C49B-4C50-BA7D-38A6BAB843B0}.Release|iPhone.ActiveCfg = Release|Any CPU
		{79163902-C49B-4C50-BA7D-38A6BAB843B0}.Release|iPhone.Build.0 = Release|Any CPU
		{79163902-C49B-4C50-BA7D-38A6BAB843B0}.Release|iPhoneSimulator.ActiveCfg = Release|Any CPU
		{79163902-C49B-4C50-BA7D-38A6BAB843B0}.Release|iPhoneSimulator.Build.0 = Release|Any CPU
		{79163902-C49B-4C50-BA7D-38A6BAB843B0}.Release|x64.ActiveCfg = Release|Any CPU
		{79163902-C49B-4C50-BA7D-38A6BAB843B0}.Release|x64.Build.0 = Release|Any CPU
		{79163902-C49B-4C50-BA7D-38A6BAB843B0}.Release|x86.ActiveCfg = Release|Any CPU
		{79163902-C49B-4C50-BA7D-38A6BAB843B0}.Release|x86.Build.0 = Release|Any CPU
		{37F93B87-527F-4D4D-902B-497C1155A9F5}.Debug|Any CPU.ActiveCfg = Debug|Any CPU
		{37F93B87-527F-4D4D-902B-497C1155A9F5}.Debug|Any CPU.Build.0 = Debug|Any CPU
		{37F93B87-527F-4D4D-902B-497C1155A9F5}.Debug|ARM.ActiveCfg = Debug|Any CPU
		{37F93B87-527F-4D4D-902B-497C1155A9F5}.Debug|ARM.Build.0 = Debug|Any CPU
		{37F93B87-527F-4D4D-902B-497C1155A9F5}.Debug|iPhone.ActiveCfg = Debug|Any CPU
		{37F93B87-527F-4D4D-902B-497C1155A9F5}.Debug|iPhone.Build.0 = Debug|Any CPU
		{37F93B87-527F-4D4D-902B-497C1155A9F5}.Debug|iPhoneSimulator.ActiveCfg = Debug|Any CPU
		{37F93B87-527F-4D4D-902B-497C1155A9F5}.Debug|iPhoneSimulator.Build.0 = Debug|Any CPU
		{37F93B87-527F-4D4D-902B-497C1155A9F5}.Debug|x64.ActiveCfg = Debug|Any CPU
		{37F93B87-527F-4D4D-902B-497C1155A9F5}.Debug|x64.Build.0 = Debug|Any CPU
		{37F93B87-527F-4D4D-902B-497C1155A9F5}.Debug|x86.ActiveCfg = Debug|Any CPU
		{37F93B87-527F-4D4D-902B-497C1155A9F5}.Debug|x86.Build.0 = Debug|Any CPU
		{37F93B87-527F-4D4D-902B-497C1155A9F5}.Release|Any CPU.ActiveCfg = Release|Any CPU
		{37F93B87-527F-4D4D-902B-497C1155A9F5}.Release|Any CPU.Build.0 = Release|Any CPU
		{37F93B87-527F-4D4D-902B-497C1155A9F5}.Release|ARM.ActiveCfg = Release|Any CPU
		{37F93B87-527F-4D4D-902B-497C1155A9F5}.Release|ARM.Build.0 = Release|Any CPU
		{37F93B87-527F-4D4D-902B-497C1155A9F5}.Release|iPhone.ActiveCfg = Release|Any CPU
		{37F93B87-527F-4D4D-902B-497C1155A9F5}.Release|iPhone.Build.0 = Release|Any CPU
		{37F93B87-527F-4D4D-902B-497C1155A9F5}.Release|iPhoneSimulator.ActiveCfg = Release|Any CPU
		{37F93B87-527F-4D4D-902B-497C1155A9F5}.Release|iPhoneSimulator.Build.0 = Release|Any CPU
		{37F93B87-527F-4D4D-902B-497C1155A9F5}.Release|x64.ActiveCfg = Release|Any CPU
		{37F93B87-527F-4D4D-902B-497C1155A9F5}.Release|x64.Build.0 = Release|Any CPU
		{37F93B87-527F-4D4D-902B-497C1155A9F5}.Release|x86.ActiveCfg = Release|Any CPU
		{37F93B87-527F-4D4D-902B-497C1155A9F5}.Release|x86.Build.0 = Release|Any CPU
		{E4F8FBF4-E7AB-4351-9717-74E8194066EE}.Debug|Any CPU.ActiveCfg = Debug|Any CPU
		{E4F8FBF4-E7AB-4351-9717-74E8194066EE}.Debug|Any CPU.Build.0 = Debug|Any CPU
		{E4F8FBF4-E7AB-4351-9717-74E8194066EE}.Debug|ARM.ActiveCfg = Debug|Any CPU
		{E4F8FBF4-E7AB-4351-9717-74E8194066EE}.Debug|ARM.Build.0 = Debug|Any CPU
		{E4F8FBF4-E7AB-4351-9717-74E8194066EE}.Debug|iPhone.ActiveCfg = Debug|Any CPU
		{E4F8FBF4-E7AB-4351-9717-74E8194066EE}.Debug|iPhone.Build.0 = Debug|Any CPU
		{E4F8FBF4-E7AB-4351-9717-74E8194066EE}.Debug|iPhoneSimulator.ActiveCfg = Debug|Any CPU
		{E4F8FBF4-E7AB-4351-9717-74E8194066EE}.Debug|iPhoneSimulator.Build.0 = Debug|Any CPU
		{E4F8FBF4-E7AB-4351-9717-74E8194066EE}.Debug|x64.ActiveCfg = Debug|Any CPU
		{E4F8FBF4-E7AB-4351-9717-74E8194066EE}.Debug|x64.Build.0 = Debug|Any CPU
		{E4F8FBF4-E7AB-4351-9717-74E8194066EE}.Debug|x86.ActiveCfg = Debug|Any CPU
		{E4F8FBF4-E7AB-4351-9717-74E8194066EE}.Debug|x86.Build.0 = Debug|Any CPU
		{E4F8FBF4-E7AB-4351-9717-74E8194066EE}.Release|Any CPU.ActiveCfg = Release|Any CPU
		{E4F8FBF4-E7AB-4351-9717-74E8194066EE}.Release|Any CPU.Build.0 = Release|Any CPU
		{E4F8FBF4-E7AB-4351-9717-74E8194066EE}.Release|ARM.ActiveCfg = Release|Any CPU
		{E4F8FBF4-E7AB-4351-9717-74E8194066EE}.Release|ARM.Build.0 = Release|Any CPU
		{E4F8FBF4-E7AB-4351-9717-74E8194066EE}.Release|iPhone.ActiveCfg = Release|Any CPU
		{E4F8FBF4-E7AB-4351-9717-74E8194066EE}.Release|iPhone.Build.0 = Release|Any CPU
		{E4F8FBF4-E7AB-4351-9717-74E8194066EE}.Release|iPhoneSimulator.ActiveCfg = Release|Any CPU
		{E4F8FBF4-E7AB-4351-9717-74E8194066EE}.Release|iPhoneSimulator.Build.0 = Release|Any CPU
		{E4F8FBF4-E7AB-4351-9717-74E8194066EE}.Release|x64.ActiveCfg = Release|Any CPU
		{E4F8FBF4-E7AB-4351-9717-74E8194066EE}.Release|x64.Build.0 = Release|Any CPU
		{E4F8FBF4-E7AB-4351-9717-74E8194066EE}.Release|x86.ActiveCfg = Release|Any CPU
		{E4F8FBF4-E7AB-4351-9717-74E8194066EE}.Release|x86.Build.0 = Release|Any CPU
	EndGlobalSection
	GlobalSection(SolutionProperties) = preSolution
		HideSolutionNode = FALSE
	EndGlobalSection
	GlobalSection(ExtensibilityGlobals) = postSolution
		SolutionGuid = {C50E08A6-F17C-4EAD-B59F-E3EF38276BBF}
	EndGlobalSection
EndGlobal
