
Microsoft Visual Studio Solution File, Format Version 12.00
# Visual Studio Version 16
VisualStudioVersion = 16.0.31005.135
MinimumVisualStudioVersion = 10.0.40219.1
Project("{FAE04EC0-301F-11D3-BF4B-00C04F79EFBC}") = "FactorPattern", "FactorPattern\FactorPattern.csproj", "{55EC9AE8-C12B-492C-AED2-FF68B911B23A}"
EndProject
Project("{FAE04EC0-301F-11D3-BF4B-00C04F79EFBC}") = "AbstractFactoryPattern", "AbstractFactoryPattern\AbstractFactoryPattern.csproj", "{C2C1ECAA-7E15-4617-ABE4-5A0E2B6F44C1}"
EndProject
Project("{FAE04EC0-301F-11D3-BF4B-00C04F79EFBC}") = "Facade", "Facad\Facade.csproj", "{BC36F4FE-FB65-41BB-820C-9450F74A335C}"
EndProject
Project("{9A19103F-16F7-4668-BE54-9A1E7A4F7556}") = "Strategy", "Strategy\Strategy.csproj", "{D946DFFD-DA83-4154-BCB8-D5A49DBA61CA}"
EndProject
Project("{9A19103F-16F7-4668-BE54-9A1E7A4F7556}") = "Adapter", "Adapter\Adapter.csproj", "{F3C52763-B94D-4BE5-875A-375977B7301A}"
EndProject
Project("{9A19103F-16F7-4668-BE54-9A1E7A4F7556}") = "Learning", "Learning\Learning.csproj", "{0414B551-57D1-4457-A333-01BFF7DE4A0D}"
EndProject
Project("{9A19103F-16F7-4668-BE54-9A1E7A4F7556}") = "Proxy", "Proxy\Proxy.csproj", "{C7631309-A453-4784-A2B9-2F6211DA4453}"
EndProject
Project("{9A19103F-16F7-4668-BE54-9A1E7A4F7556}") = "ChainOfResponsibility", "ChainOfResponsibility\ChainOfResponsibility.csproj", "{C79DDA06-868F-40D1-8200-44935C022F7D}"
EndProject
Project("{9A19103F-16F7-4668-BE54-9A1E7A4F7556}") = "Command", "Command\Command.csproj", "{D9AE5380-150D-4996-9C06-CC4A8830E414}"
EndProject
Project("{9A19103F-16F7-4668-BE54-9A1E7A4F7556}") = "TDD", "TDD\TDD.csproj", "{6780E7D8-43C1-46E9-A4EA-80D2A8701BF5}"
EndProject
Project("{9A19103F-16F7-4668-BE54-9A1E7A4F7556}") = "Bridge", "Bridge\Bridge.csproj", "{25511664-0A8F-43EB-A883-5493F0A67ED1}"
EndProject
Project("{9A19103F-16F7-4668-BE54-9A1E7A4F7556}") = "Fto", "Fto\Fto.csproj", "{7C602925-A79E-47D0-A8FE-5D7AC1517C78}"
EndProject
Project("{FAE04EC0-301F-11D3-BF4B-00C04F79EFBC}") = "Sorters", "Sorters\Sorters.csproj", "{35CFFDAA-0FB9-4854-B79E-AA34E100FC19}"
EndProject
Global
	GlobalSection(SolutionConfigurationPlatforms) = preSolution
		Debug|Any CPU = Debug|Any CPU
		Release|Any CPU = Release|Any CPU
	EndGlobalSection
	GlobalSection(ProjectConfigurationPlatforms) = postSolution
		{55EC9AE8-C12B-492C-AED2-FF68B911B23A}.Debug|Any CPU.ActiveCfg = Debug|Any CPU
		{55EC9AE8-C12B-492C-AED2-FF68B911B23A}.Debug|Any CPU.Build.0 = Debug|Any CPU
		{55EC9AE8-C12B-492C-AED2-FF68B911B23A}.Release|Any CPU.ActiveCfg = Release|Any CPU
		{55EC9AE8-C12B-492C-AED2-FF68B911B23A}.Release|Any CPU.Build.0 = Release|Any CPU
		{C2C1ECAA-7E15-4617-ABE4-5A0E2B6F44C1}.Debug|Any CPU.ActiveCfg = Debug|Any CPU
		{C2C1ECAA-7E15-4617-ABE4-5A0E2B6F44C1}.Debug|Any CPU.Build.0 = Debug|Any CPU
		{C2C1ECAA-7E15-4617-ABE4-5A0E2B6F44C1}.Release|Any CPU.ActiveCfg = Release|Any CPU
		{C2C1ECAA-7E15-4617-ABE4-5A0E2B6F44C1}.Release|Any CPU.Build.0 = Release|Any CPU
		{BC36F4FE-FB65-41BB-820C-9450F74A335C}.Debug|Any CPU.ActiveCfg = Debug|Any CPU
		{BC36F4FE-FB65-41BB-820C-9450F74A335C}.Debug|Any CPU.Build.0 = Debug|Any CPU
		{BC36F4FE-FB65-41BB-820C-9450F74A335C}.Release|Any CPU.ActiveCfg = Release|Any CPU
		{BC36F4FE-FB65-41BB-820C-9450F74A335C}.Release|Any CPU.Build.0 = Release|Any CPU
		{D946DFFD-DA83-4154-BCB8-D5A49DBA61CA}.Debug|Any CPU.ActiveCfg = Debug|Any CPU
		{D946DFFD-DA83-4154-BCB8-D5A49DBA61CA}.Debug|Any CPU.Build.0 = Debug|Any CPU
		{D946DFFD-DA83-4154-BCB8-D5A49DBA61CA}.Release|Any CPU.ActiveCfg = Release|Any CPU
		{D946DFFD-DA83-4154-BCB8-D5A49DBA61CA}.Release|Any CPU.Build.0 = Release|Any CPU
		{F3C52763-B94D-4BE5-875A-375977B7301A}.Debug|Any CPU.ActiveCfg = Debug|Any CPU
		{F3C52763-B94D-4BE5-875A-375977B7301A}.Debug|Any CPU.Build.0 = Debug|Any CPU
		{F3C52763-B94D-4BE5-875A-375977B7301A}.Release|Any CPU.ActiveCfg = Release|Any CPU
		{F3C52763-B94D-4BE5-875A-375977B7301A}.Release|Any CPU.Build.0 = Release|Any CPU
		{0414B551-57D1-4457-A333-01BFF7DE4A0D}.Debug|Any CPU.ActiveCfg = Debug|Any CPU
		{0414B551-57D1-4457-A333-01BFF7DE4A0D}.Debug|Any CPU.Build.0 = Debug|Any CPU
		{0414B551-57D1-4457-A333-01BFF7DE4A0D}.Release|Any CPU.ActiveCfg = Release|Any CPU
		{0414B551-57D1-4457-A333-01BFF7DE4A0D}.Release|Any CPU.Build.0 = Release|Any CPU
		{C7631309-A453-4784-A2B9-2F6211DA4453}.Debug|Any CPU.ActiveCfg = Debug|Any CPU
		{C7631309-A453-4784-A2B9-2F6211DA4453}.Debug|Any CPU.Build.0 = Debug|Any CPU
		{C7631309-A453-4784-A2B9-2F6211DA4453}.Release|Any CPU.ActiveCfg = Release|Any CPU
		{C7631309-A453-4784-A2B9-2F6211DA4453}.Release|Any CPU.Build.0 = Release|Any CPU
		{C79DDA06-868F-40D1-8200-44935C022F7D}.Debug|Any CPU.ActiveCfg = Debug|Any CPU
		{C79DDA06-868F-40D1-8200-44935C022F7D}.Debug|Any CPU.Build.0 = Debug|Any CPU
		{C79DDA06-868F-40D1-8200-44935C022F7D}.Release|Any CPU.ActiveCfg = Release|Any CPU
		{C79DDA06-868F-40D1-8200-44935C022F7D}.Release|Any CPU.Build.0 = Release|Any CPU
		{D9AE5380-150D-4996-9C06-CC4A8830E414}.Debug|Any CPU.ActiveCfg = Debug|Any CPU
		{D9AE5380-150D-4996-9C06-CC4A8830E414}.Debug|Any CPU.Build.0 = Debug|Any CPU
		{D9AE5380-150D-4996-9C06-CC4A8830E414}.Release|Any CPU.ActiveCfg = Release|Any CPU
		{D9AE5380-150D-4996-9C06-CC4A8830E414}.Release|Any CPU.Build.0 = Release|Any CPU
		{6780E7D8-43C1-46E9-A4EA-80D2A8701BF5}.Debug|Any CPU.ActiveCfg = Debug|Any CPU
		{6780E7D8-43C1-46E9-A4EA-80D2A8701BF5}.Debug|Any CPU.Build.0 = Debug|Any CPU
		{6780E7D8-43C1-46E9-A4EA-80D2A8701BF5}.Release|Any CPU.ActiveCfg = Release|Any CPU
		{6780E7D8-43C1-46E9-A4EA-80D2A8701BF5}.Release|Any CPU.Build.0 = Release|Any CPU
		{25511664-0A8F-43EB-A883-5493F0A67ED1}.Debug|Any CPU.ActiveCfg = Debug|Any CPU
		{25511664-0A8F-43EB-A883-5493F0A67ED1}.Debug|Any CPU.Build.0 = Debug|Any CPU
		{25511664-0A8F-43EB-A883-5493F0A67ED1}.Release|Any CPU.ActiveCfg = Release|Any CPU
		{25511664-0A8F-43EB-A883-5493F0A67ED1}.Release|Any CPU.Build.0 = Release|Any CPU
		{7C602925-A79E-47D0-A8FE-5D7AC1517C78}.Debug|Any CPU.ActiveCfg = Debug|Any CPU
		{7C602925-A79E-47D0-A8FE-5D7AC1517C78}.Debug|Any CPU.Build.0 = Debug|Any CPU
		{7C602925-A79E-47D0-A8FE-5D7AC1517C78}.Release|Any CPU.ActiveCfg = Release|Any CPU
		{7C602925-A79E-47D0-A8FE-5D7AC1517C78}.Release|Any CPU.Build.0 = Release|Any CPU
		{35CFFDAA-0FB9-4854-B79E-AA34E100FC19}.Debug|Any CPU.ActiveCfg = Debug|Any CPU
		{35CFFDAA-0FB9-4854-B79E-AA34E100FC19}.Debug|Any CPU.Build.0 = Debug|Any CPU
		{35CFFDAA-0FB9-4854-B79E-AA34E100FC19}.Release|Any CPU.ActiveCfg = Release|Any CPU
		{35CFFDAA-0FB9-4854-B79E-AA34E100FC19}.Release|Any CPU.Build.0 = Release|Any CPU
	EndGlobalSection
	GlobalSection(SolutionProperties) = preSolution
		HideSolutionNode = FALSE
	EndGlobalSection
	GlobalSection(ExtensibilityGlobals) = postSolution
		SolutionGuid = {C50E08A6-F17C-4EAD-B59F-E3EF38276BBF}
	EndGlobalSection
EndGlobal
